
Microsoft Visual Studio Solution File, Format Version 12.00
# Visual Studio 15
VisualStudioVersion = 15.0.28010.2003
MinimumVisualStudioVersion = 10.0.40219.1
Project("{2150E333-8FDC-42A3-9474-1A3956D46DE8}") = "Solution Items", "Solution Items", "{E272084A-1BC7-465D-8EE0-1619801EA527}"
	ProjectSection(SolutionItems) = preProject
		Global.json = Global.json
	EndProjectSection
EndProject
Project("{2150E333-8FDC-42A3-9474-1A3956D46DE8}") = "0 - Frontend", "0 - Frontend", "{7C7753BB-7A72-40D9-8A46-E00CD7D93927}"
EndProject
Project("{2150E333-8FDC-42A3-9474-1A3956D46DE8}") = "1 - Backend", "1 - Backend", "{E8606602-35C8-4316-9C75-6DBF40CE92B2}"
EndProject
Project("{9A19103F-16F7-4668-BE54-9A1E7A4F7556}") = "EstudoMediatR.Applciation", "src\EstudoMediatR.Applciation\EstudoMediatR.Applciation.csproj", "{AA4B700D-7967-4A84-855D-492EC68ADD09}"
EndProject
Project("{9A19103F-16F7-4668-BE54-9A1E7A4F7556}") = "EstudoMediatR.PedidosApi", "src\EstudoMediatR.PedidosApi\EstudoMediatR.PedidosApi.csproj", "{38191434-3D74-4A86-97A3-DD2195F07D5F}"
EndProject
Global
	GlobalSection(SolutionConfigurationPlatforms) = preSolution
		Debug|Any CPU = Debug|Any CPU
		Release|Any CPU = Release|Any CPU
	EndGlobalSection
	GlobalSection(ProjectConfigurationPlatforms) = postSolution
		{AA4B700D-7967-4A84-855D-492EC68ADD09}.Debug|Any CPU.ActiveCfg = Debug|Any CPU
		{AA4B700D-7967-4A84-855D-492EC68ADD09}.Debug|Any CPU.Build.0 = Debug|Any CPU
		{AA4B700D-7967-4A84-855D-492EC68ADD09}.Release|Any CPU.ActiveCfg = Release|Any CPU
		{AA4B700D-7967-4A84-855D-492EC68ADD09}.Release|Any CPU.Build.0 = Release|Any CPU
		{38191434-3D74-4A86-97A3-DD2195F07D5F}.Debug|Any CPU.ActiveCfg = Debug|Any CPU
		{38191434-3D74-4A86-97A3-DD2195F07D5F}.Debug|Any CPU.Build.0 = Debug|Any CPU
		{38191434-3D74-4A86-97A3-DD2195F07D5F}.Release|Any CPU.ActiveCfg = Release|Any CPU
		{38191434-3D74-4A86-97A3-DD2195F07D5F}.Release|Any CPU.Build.0 = Release|Any CPU
	EndGlobalSection
	GlobalSection(SolutionProperties) = preSolution
		HideSolutionNode = FALSE
	EndGlobalSection
	GlobalSection(NestedProjects) = preSolution
		{AA4B700D-7967-4A84-855D-492EC68ADD09} = {E8606602-35C8-4316-9C75-6DBF40CE92B2}
		{38191434-3D74-4A86-97A3-DD2195F07D5F} = {7C7753BB-7A72-40D9-8A46-E00CD7D93927}
	EndGlobalSection
	GlobalSection(ExtensibilityGlobals) = postSolution
		SolutionGuid = {7059B15A-4119-4B1B-9DBB-C4A6EDCB7CF1}
	EndGlobalSection
EndGlobal
